dependencies:
- name: web
  repository: file://charts/web
  version: 0.1.0
- name: admin-web
  repository: file://charts/admin-web
  version: 0.1.0
- name: api
  repository: file://charts/api
  version: 0.1.0
- name: gitlab
  repository: https://charts.gitlab.io/
  version: 8.9.1
- name: litellm-helm
  repository: oci://ghcr.io/berriai
  version: 1.81.13
digest: sha256:c3c926f04c479f960118a5d1fc363dff6a7b10edf28bf2d9f95bb1b028551769
generated: "2026-02-22T12:24:25.9651692+09:00"
